
Microsoft Visual Studio Solution File, Format Version 12.00
# Visual Studio Version 16
VisualStudioVersion = 16.0.33130.400
MinimumVisualStudioVersion = 10.0.40219.1
Project("{FAE04EC0-301F-11D3-BF4B-00C04F79EFBC}") = "BlueByte.SOLIDWORKS.IFCHandler", "BlueByte.SOLIDWORKS.IFCHandler\BlueByte.SOLIDWORKS.IFCHandler.csproj", "{1E0CFECB-F94C-4A14-9AAD-4CB6E4B72A02}"
EndProject
Global
	GlobalSection(SolutionConfigurationPlatforms) = preSolution
		Debug|Any CPU = Debug|Any CPU
		Release|Any CPU = Release|Any CPU
	EndGlobalSection
	GlobalSection(ProjectConfigurationPlatforms) = postSolution
		{1E0CFECB-F94C-4A14-9AAD-4CB6E4B72A02}.Debug|Any CPU.ActiveCfg = Debug|Any CPU
		{1E0CFECB-F94C-4A14-9AAD-4CB6E4B72A02}.Debug|Any CPU.Build.0 = Debug|Any CPU
		{1E0CFECB-F94C-4A14-9AAD-4CB6E4B72A02}.Release|Any CPU.ActiveCfg = Release|Any CPU
		{1E0CFECB-F94C-4A14-9AAD-4CB6E4B72A02}.Release|Any CPU.Build.0 = Release|Any CPU
	EndGlobalSection
	GlobalSection(SolutionProperties) = preSolution
		HideSolutionNode = FALSE
	EndGlobalSection
	GlobalSection(ExtensibilityGlobals) = postSolution
		SolutionGuid = {4219204C-EF7C-4273-AF33-59FB1E4D95D9}
	EndGlobalSection
EndGlobal
